
Microsoft Visual Studio Solution File, Format Version 12.00
# Visual Studio Version 16
VisualStudioVersion = 16.0.30611.23
MinimumVisualStudioVersion = 10.0.40219.1
Project("{FAE04EC0-301F-11D3-BF4B-00C04F79EFBC}") = "GenericsExercise", "GenericsExercise\GenericsExercise.csproj", "{A0F1488F-F66B-45A6-BA1D-95F63BD9139D}"
EndProject
Project("{FAE04EC0-301F-11D3-BF4B-00C04F79EFBC}") = "GenericBoxOfString", "GenericBoxOfString\GenericBoxOfString.csproj", "{265AB7E7-4BFF-411B-9A6D-145AF582EE36}"
EndProject
Global
	GlobalSection(SolutionConfigurationPlatforms) = preSolution
		Debug|Any CPU = Debug|Any CPU
		Release|Any CPU = Release|Any CPU
	EndGlobalSection
	GlobalSection(ProjectConfigurationPlatforms) = postSolution
		{A0F1488F-F66B-45A6-BA1D-95F63BD9139D}.Debug|Any CPU.ActiveCfg = Debug|Any CPU
		{A0F1488F-F66B-45A6-BA1D-95F63BD9139D}.Debug|Any CPU.Build.0 = Debug|Any CPU
		{A0F1488F-F66B-45A6-BA1D-95F63BD9139D}.Release|Any CPU.ActiveCfg = Release|Any CPU
		{A0F1488F-F66B-45A6-BA1D-95F63BD9139D}.Release|Any CPU.Build.0 = Release|Any CPU
		{265AB7E7-4BFF-411B-9A6D-145AF582EE36}.Debug|Any CPU.ActiveCfg = Debug|Any CPU
		{265AB7E7-4BFF-411B-9A6D-145AF582EE36}.Debug|Any CPU.Build.0 = Debug|Any CPU
		{265AB7E7-4BFF-411B-9A6D-145AF582EE36}.Release|Any CPU.ActiveCfg = Release|Any CPU
		{265AB7E7-4BFF-411B-9A6D-145AF582EE36}.Release|Any CPU.Build.0 = Release|Any CPU
	EndGlobalSection
	GlobalSection(SolutionProperties) = preSolution
		HideSolutionNode = FALSE
	EndGlobalSection
	GlobalSection(ExtensibilityGlobals) = postSolution
		SolutionGuid = {AC6B00AF-DD28-4B36-9217-8E6BCCDC9BAE}
	EndGlobalSection
EndGlobal
